
Microsoft Visual Studio Solution File, Format Version 12.00
# Visual Studio 15
VisualStudioVersion = 15.0.27130.2027
MinimumVisualStudioVersion = 10.0.40219.1
Project("{2150E333-8FDC-42A3-9474-1A3956D46DE8}") = "OxyPlot", "OxyPlot", "{636B36B0-F2A3-46CB-BFFF-783F407F8741}"
EndProject
Project("{9A19103F-16F7-4668-BE54-9A1E7A4F7556}") = "OxyPlot", "OxyPlot\Source\OxyPlot\OxyPlot.csproj", "{FA1ABF3B-212B-41E0-970B-385E48811AA6}"
EndProject
Project("{9A19103F-16F7-4668-BE54-9A1E7A4F7556}") = "ExampleLibrary", "OxyPlot\Source\Examples\ExampleLibrary\ExampleLibrary.csproj", "{075E5C20-44B8-40E3-86CA-6EFEF9C40BAF}"
EndProject
Project("{FAE04EC0-301F-11D3-BF4B-00C04F79EFBC}") = "OxyPlot.Windows", "OxyPlot\Source\OxyPlot.Windows\OxyPlot.Windows.csproj", "{5AA87152-20D5-48F7-AD0F-6E6BAA61FC25}"
EndProject
Project("{FAE04EC0-301F-11D3-BF4B-00C04F79EFBC}") = "OxyPlot.WindowsForms", "OxyPlot\Source\OxyPlot.WindowsForms\OxyPlot.WindowsForms.csproj", "{8BC521AD-81CF-4E6C-8898-BE67527E7064}"
EndProject
Project("{FAE04EC0-301F-11D3-BF4B-00C04F79EFBC}") = "OxyPlot.Wpf", "OxyPlot\Source\OxyPlot.Wpf\OxyPlot.Wpf.csproj", "{698CCD8E-ADCC-4565-8517-5EDD36F07155}"
EndProject
Project("{FAE04EC0-301F-11D3-BF4B-00C04F79EFBC}") = "OxyPlot.OpenXml", "OxyPlot\Source\OxyPlot.OpenXml\OxyPlot.OpenXml.csproj", "{BB4FA452-A96A-4C47-AA65-7E88F6FAE873}"
EndProject
Project("{2150E333-8FDC-42A3-9474-1A3956D46DE8}") = "EDDTK", "EDDTK", "{0E8A4D7F-1A6A-49D9-AEB2-B01FC2638FA4}"
EndProject
Project("{FAE04EC0-301F-11D3-BF4B-00C04F79EFBC}") = "EDDTK-api", "EDDTK\EDDTK-api.csproj", "{6E3BDDD2-540E-4B95-96CB-A9BF119E1241}"
EndProject
Project("{2150E333-8FDC-42A3-9474-1A3956D46DE8}") = "Nzy3D", "Nzy3D", "{A016B04E-44EA-4ADD-8CEA-4BB9F6043BEF}"
EndProject
Project("{FAE04EC0-301F-11D3-BF4B-00C04F79EFBC}") = "nzy3d-api", "Nzy3D\nzy3d-api\nzy3d-api.csproj", "{9A3D353E-3477-4CCF-B69B-C42685CB95B4}"
EndProject
Project("{FAE04EC0-301F-11D3-BF4B-00C04F79EFBC}") = "ClassLibrary", "ClassLibrary\ClassLibrary.csproj", "{F423641B-A4FD-4E98-8801-F68579617538}"
EndProject
Project("{2150E333-8FDC-42A3-9474-1A3956D46DE8}") = "Examples", "Examples", "{ECA80C86-E5E0-4062-A50C-22BFB8EC0E9A}"
EndProject
Project("{FAE04EC0-301F-11D3-BF4B-00C04F79EFBC}") = "eddtk", "Examples\eddtk\eddtk.csproj", "{984AC691-8172-4A28-B618-B123185D7A3D}"
EndProject
Global
	GlobalSection(SolutionConfigurationPlatforms) = preSolution
		Debug|Any CPU = Debug|Any CPU
		Debug|ARM = Debug|ARM
		Debug|x64 = Debug|x64
		Debug|x86 = Debug|x86
		Release|Any CPU = Release|Any CPU
		Release|ARM = Release|ARM
		Release|x64 = Release|x64
		Release|x86 = Release|x86
	EndGlobalSection
	GlobalSection(ProjectConfigurationPlatforms) = postSolution
		{FA1ABF3B-212B-41E0-970B-385E48811AA6}.Debug|Any CPU.ActiveCfg = Debug|Any CPU
		{FA1ABF3B-212B-41E0-970B-385E48811AA6}.Debug|Any CPU.Build.0 = Debug|Any CPU
		{FA1ABF3B-212B-41E0-970B-385E48811AA6}.Debug|ARM.ActiveCfg = Debug|Any CPU
		{FA1ABF3B-212B-41E0-970B-385E48811AA6}.Debug|ARM.Build.0 = Debug|Any CPU
		{FA1ABF3B-212B-41E0-970B-385E48811AA6}.Debug|x64.ActiveCfg = Debug|Any CPU
		{FA1ABF3B-212B-41E0-970B-385E48811AA6}.Debug|x64.Build.0 = Debug|Any CPU
		{FA1ABF3B-212B-41E0-970B-385E48811AA6}.Debug|x86.ActiveCfg = Debug|Any CPU
		{FA1ABF3B-212B-41E0-970B-385E48811AA6}.Debug|x86.Build.0 = Debug|Any CPU
		{FA1ABF3B-212B-41E0-970B-385E48811AA6}.Release|Any CPU.ActiveCfg = Release|Any CPU
		{FA1ABF3B-212B-41E0-970B-385E48811AA6}.Release|Any CPU.Build.0 = Release|Any CPU
		{FA1ABF3B-212B-41E0-970B-385E48811AA6}.Release|ARM.ActiveCfg = Release|Any CPU
		{FA1ABF3B-212B-41E0-970B-385E48811AA6}.Release|ARM.Build.0 = Release|Any CPU
		{FA1ABF3B-212B-41E0-970B-385E48811AA6}.Release|x64.ActiveCfg = Release|Any CPU
		{FA1ABF3B-212B-41E0-970B-385E48811AA6}.Release|x64.Build.0 = Release|Any CPU
		{FA1ABF3B-212B-41E0-970B-385E48811AA6}.Release|x86.ActiveCfg = Release|Any CPU
		{FA1ABF3B-212B-41E0-970B-385E48811AA6}.Release|x86.Build.0 = Release|Any CPU
		{075E5C20-44B8-40E3-86CA-6EFEF9C40BAF}.Debug|Any CPU.ActiveCfg = Debug|Any CPU
		{075E5C20-44B8-40E3-86CA-6EFEF9C40BAF}.Debug|Any CPU.Build.0 = Debug|Any CPU
		{075E5C20-44B8-40E3-86CA-6EFEF9C40BAF}.Debug|ARM.ActiveCfg = Debug|Any CPU
		{075E5C20-44B8-40E3-86CA-6EFEF9C40BAF}.Debug|ARM.Build.0 = Debug|Any CPU
		{075E5C20-44B8-40E3-86CA-6EFEF9C40BAF}.Debug|x64.ActiveCfg = Debug|Any CPU
		{075E5C20-44B8-40E3-86CA-6EFEF9C40BAF}.Debug|x64.Build.0 = Debug|Any CPU
		{075E5C20-44B8-40E3-86CA-6EFEF9C40BAF}.Debug|x86.ActiveCfg = Debug|Any CPU
		{075E5C20-44B8-40E3-86CA-6EFEF9C40BAF}.Debug|x86.Build.0 = Debug|Any CPU
		{075E5C20-44B8-40E3-86CA-6EFEF9C40BAF}.Release|Any CPU.ActiveCfg = Release|Any CPU
		{075E5C20-44B8-40E3-86CA-6EFEF9C40BAF}.Release|Any CPU.Build.0 = Release|Any CPU
		{075E5C20-44B8-40E3-86CA-6EFEF9C40BAF}.Release|ARM.ActiveCfg = Release|Any CPU
		{075E5C20-44B8-40E3-86CA-6EFEF9C40BAF}.Release|ARM.Build.0 = Release|Any CPU
		{075E5C20-44B8-40E3-86CA-6EFEF9C40BAF}.Release|x64.ActiveCfg = Release|Any CPU
		{075E5C20-44B8-40E3-86CA-6EFEF9C40BAF}.Release|x64.Build.0 = Release|Any CPU
		{075E5C20-44B8-40E3-86CA-6EFEF9C40BAF}.Release|x86.ActiveCfg = Release|Any CPU
		{075E5C20-44B8-40E3-86CA-6EFEF9C40BAF}.Release|x86.Build.0 = Release|Any CPU
		{5AA87152-20D5-48F7-AD0F-6E6BAA61FC25}.Debug|Any CPU.ActiveCfg = Debug|Any CPU
		{5AA87152-20D5-48F7-AD0F-6E6BAA61FC25}.Debug|Any CPU.Build.0 = Debug|Any CPU
		{5AA87152-20D5-48F7-AD0F-6E6BAA61FC25}.Debug|ARM.ActiveCfg = Debug|ARM
		{5AA87152-20D5-48F7-AD0F-6E6BAA61FC25}.Debug|ARM.Build.0 = Debug|ARM
		{5AA87152-20D5-48F7-AD0F-6E6BAA61FC25}.Debug|x64.ActiveCfg = Debug|x64
		{5AA87152-20D5-48F7-AD0F-6E6BAA61FC25}.Debug|x64.Build.0 = Debug|x64
		{5AA87152-20D5-48F7-AD0F-6E6BAA61FC25}.Debug|x86.ActiveCfg = Debug|x86
		{5AA87152-20D5-48F7-AD0F-6E6BAA61FC25}.Debug|x86.Build.0 = Debug|x86
		{5AA87152-20D5-48F7-AD0F-6E6BAA61FC25}.Release|Any CPU.ActiveCfg = Release|Any CPU
		{5AA87152-20D5-48F7-AD0F-6E6BAA61FC25}.Release|Any CPU.Build.0 = Release|Any CPU
		{5AA87152-20D5-48F7-AD0F-6E6BAA61FC25}.Release|ARM.ActiveCfg = Release|ARM
		{5AA87152-20D5-48F7-AD0F-6E6BAA61FC25}.Release|ARM.Build.0 = Release|ARM
		{5AA87152-20D5-48F7-AD0F-6E6BAA61FC25}.Release|x64.ActiveCfg = Release|x64
		{5AA87152-20D5-48F7-AD0F-6E6BAA61FC25}.Release|x64.Build.0 = Release|x64
		{5AA87152-20D5-48F7-AD0F-6E6BAA61FC25}.Release|x86.ActiveCfg = Release|x86
		{5AA87152-20D5-48F7-AD0F-6E6BAA61FC25}.Release|x86.Build.0 = Release|x86
		{8BC521AD-81CF-4E6C-8898-BE67527E7064}.Debug|Any CPU.ActiveCfg = Debug|Any CPU
		{8BC521AD-81CF-4E6C-8898-BE67527E7064}.Debug|Any CPU.Build.0 = Debug|Any CPU
		{8BC521AD-81CF-4E6C-8898-BE67527E7064}.Debug|ARM.ActiveCfg = Debug|Any CPU
		{8BC521AD-81CF-4E6C-8898-BE67527E7064}.Debug|ARM.Build.0 = Debug|Any CPU
		{8BC521AD-81CF-4E6C-8898-BE67527E7064}.Debug|x64.ActiveCfg = Debug|Any CPU
		{8BC521AD-81CF-4E6C-8898-BE67527E7064}.Debug|x64.Build.0 = Debug|Any CPU
		{8BC521AD-81CF-4E6C-8898-BE67527E7064}.Debug|x86.ActiveCfg = Debug|Any CPU
		{8BC521AD-81CF-4E6C-8898-BE67527E7064}.Debug|x86.Build.0 = Debug|Any CPU
		{8BC521AD-81CF-4E6C-8898-BE67527E7064}.Release|Any CPU.ActiveCfg = Release|Any CPU
		{8BC521AD-81CF-4E6C-8898-BE67527E7064}.Release|Any CPU.Build.0 = Release|Any CPU
		{8BC521AD-81CF-4E6C-8898-BE67527E7064}.Release|ARM.ActiveCfg = Release|Any CPU
		{8BC521AD-81CF-4E6C-8898-BE67527E7064}.Release|ARM.Build.0 = Release|Any CPU
		{8BC521AD-81CF-4E6C-8898-BE67527E7064}.Release|x64.ActiveCfg = Release|Any CPU
		{8BC521AD-81CF-4E6C-8898-BE67527E7064}.Release|x64.Build.0 = Release|Any CPU
		{8BC521AD-81CF-4E6C-8898-BE67527E7064}.Release|x86.ActiveCfg = Release|Any CPU
		{8BC521AD-81CF-4E6C-8898-BE67527E7064}.Release|x86.Build.0 = Release|Any CPU
		{698CCD8E-ADCC-4565-8517-5EDD36F07155}.Debug|Any CPU.ActiveCfg = Debug|Any CPU
		{698CCD8E-ADCC-4565-8517-5EDD36F07155}.Debug|Any CPU.Build.0 = Debug|Any CPU
		{698CCD8E-ADCC-4565-8517-5EDD36F07155}.Debug|ARM.ActiveCfg = Debug|Any CPU
		{698CCD8E-ADCC-4565-8517-5EDD36F07155}.Debug|ARM.Build.0 = Debug|Any CPU
		{698CCD8E-ADCC-4565-8517-5EDD36F07155}.Debug|x64.ActiveCfg = Debug|Any CPU
		{698CCD8E-ADCC-4565-8517-5EDD36F07155}.Debug|x64.Build.0 = Debug|Any CPU
		{698CCD8E-ADCC-4565-8517-5EDD36F07155}.Debug|x86.ActiveCfg = Debug|Any CPU
		{698CCD8E-ADCC-4565-8517-5EDD36F07155}.Debug|x86.Build.0 = Debug|Any CPU
		{698CCD8E-ADCC-4565-8517-5EDD36F07155}.Release|Any CPU.ActiveCfg = Release|Any CPU
		{698CCD8E-ADCC-4565-8517-5EDD36F07155}.Release|Any CPU.Build.0 = Release|Any CPU
		{698CCD8E-ADCC-4565-8517-5EDD36F07155}.Release|ARM.ActiveCfg = Release|Any CPU
		{698CCD8E-ADCC-4565-8517-5EDD36F07155}.Release|ARM.Build.0 = Release|Any CPU
		{698CCD8E-ADCC-4565-8517-5EDD36F07155}.Release|x64.ActiveCfg = Release|Any CPU
		{698CCD8E-ADCC-4565-8517-5EDD36F07155}.Release|x64.Build.0 = Release|Any CPU
		{698CCD8E-ADCC-4565-8517-5EDD36F07155}.Release|x86.ActiveCfg = Release|Any CPU
		{698CCD8E-ADCC-4565-8517-5EDD36F07155}.Release|x86.Build.0 = Release|Any CPU
		{BB4FA452-A96A-4C47-AA65-7E88F6FAE873}.Debug|Any CPU.ActiveCfg = Debug|Any CPU
		{BB4FA452-A96A-4C47-AA65-7E88F6FAE873}.Debug|Any CPU.Build.0 = Debug|Any CPU
		{BB4FA452-A96A-4C47-AA65-7E88F6FAE873}.Debug|ARM.ActiveCfg = Debug|Any CPU
		{BB4FA452-A96A-4C47-AA65-7E88F6FAE873}.Debug|ARM.Build.0 = Debug|Any CPU
		{BB4FA452-A96A-4C47-AA65-7E88F6FAE873}.Debug|x64.ActiveCfg = Debug|Any CPU
		{BB4FA452-A96A-4C47-AA65-7E88F6FAE873}.Debug|x64.Build.0 = Debug|Any CPU
		{BB4FA452-A96A-4C47-AA65-7E88F6FAE873}.Debug|x86.ActiveCfg = Debug|Any CPU
		{BB4FA452-A96A-4C47-AA65-7E88F6FAE873}.Debug|x86.Build.0 = Debug|Any CPU
		{BB4FA452-A96A-4C47-AA65-7E88F6FAE873}.Release|Any CPU.ActiveCfg = Release|Any CPU
		{BB4FA452-A96A-4C47-AA65-7E88F6FAE873}.Release|Any CPU.Build.0 = Release|Any CPU
		{BB4FA452-A96A-4C47-AA65-7E88F6FAE873}.Release|ARM.ActiveCfg = Release|Any CPU
		{BB4FA452-A96A-4C47-AA65-7E88F6FAE873}.Release|ARM.Build.0 = Release|Any CPU
		{BB4FA452-A96A-4C47-AA65-7E88F6FAE873}.Release|x64.ActiveCfg = Release|Any CPU
		{BB4FA452-A96A-4C47-AA65-7E88F6FAE873}.Release|x64.Build.0 = Release|Any CPU
		{BB4FA452-A96A-4C47-AA65-7E88F6FAE873}.Release|x86.ActiveCfg = Release|Any CPU
		{BB4FA452-A96A-4C47-AA65-7E88F6FAE873}.Release|x86.Build.0 = Release|Any CPU
		{6E3BDDD2-540E-4B95-96CB-A9BF119E1241}.Debug|Any CPU.ActiveCfg = Debug|Any CPU
		{6E3BDDD2-540E-4B95-96CB-A9BF119E1241}.Debug|Any CPU.Build.0 = Debug|Any CPU
		{6E3BDDD2-540E-4B95-96CB-A9BF119E1241}.Debug|ARM.ActiveCfg = Debug|Any CPU
		{6E3BDDD2-540E-4B95-96CB-A9BF119E1241}.Debug|ARM.Build.0 = Debug|Any CPU
		{6E3BDDD2-540E-4B95-96CB-A9BF119E1241}.Debug|x64.ActiveCfg = Debug|Any CPU
		{6E3BDDD2-540E-4B95-96CB-A9BF119E1241}.Debug|x64.Build.0 = Debug|Any CPU
		{6E3BDDD2-540E-4B95-96CB-A9BF119E1241}.Debug|x86.ActiveCfg = Debug|Any CPU
		{6E3BDDD2-540E-4B95-96CB-A9BF119E1241}.Debug|x86.Build.0 = Debug|Any CPU
		{6E3BDDD2-540E-4B95-96CB-A9BF119E1241}.Release|Any CPU.ActiveCfg = Release|Any CPU
		{6E3BDDD2-540E-4B95-96CB-A9BF119E1241}.Release|Any CPU.Build.0 = Release|Any CPU
		{6E3BDDD2-540E-4B95-96CB-A9BF119E1241}.Release|ARM.ActiveCfg = Release|Any CPU
		{6E3BDDD2-540E-4B95-96CB-A9BF119E1241}.Release|ARM.Build.0 = Release|Any CPU
		{6E3BDDD2-540E-4B95-96CB-A9BF119E1241}.Release|x64.ActiveCfg = Release|Any CPU
		{6E3BDDD2-540E-4B95-96CB-A9BF119E1241}.Release|x64.Build.0 = Release|Any CPU
		{6E3BDDD2-540E-4B95-96CB-A9BF119E1241}.Release|x86.ActiveCfg = Release|Any CPU
		{6E3BDDD2-540E-4B95-96CB-A9BF119E1241}.Release|x86.Build.0 = Release|Any CPU
		{9A3D353E-3477-4CCF-B69B-C42685CB95B4}.Debug|Any CPU.ActiveCfg = Debug|Any CPU
		{9A3D353E-3477-4CCF-B69B-C42685CB95B4}.Debug|Any CPU.Build.0 = Debug|Any CPU
		{9A3D353E-3477-4CCF-B69B-C42685CB95B4}.Debug|ARM.ActiveCfg = Debug|Any CPU
		{9A3D353E-3477-4CCF-B69B-C42685CB95B4}.Debug|ARM.Build.0 = Debug|Any CPU
		{9A3D353E-3477-4CCF-B69B-C42685CB95B4}.Debug|x64.ActiveCfg = Debug|Any CPU
		{9A3D353E-3477-4CCF-B69B-C42685CB95B4}.Debug|x64.Build.0 = Debug|Any CPU
		{9A3D353E-3477-4CCF-B69B-C42685CB95B4}.Debug|x86.ActiveCfg = Debug|Any CPU
		{9A3D353E-3477-4CCF-B69B-C42685CB95B4}.Debug|x86.Build.0 = Debug|Any CPU
		{9A3D353E-3477-4CCF-B69B-C42685CB95B4}.Release|Any CPU.ActiveCfg = Release|Any CPU
		{9A3D353E-3477-4CCF-B69B-C42685CB95B4}.Release|Any CPU.Build.0 = Release|Any CPU
		{9A3D353E-3477-4CCF-B69B-C42685CB95B4}.Release|ARM.ActiveCfg = Release|Any CPU
		{9A3D353E-3477-4CCF-B69B-C42685CB95B4}.Release|ARM.Build.0 = Release|Any CPU
		{9A3D353E-3477-4CCF-B69B-C42685CB95B4}.Release|x64.ActiveCfg = Release|Any CPU
		{9A3D353E-3477-4CCF-B69B-C42685CB95B4}.Release|x64.Build.0 = Release|Any CPU
		{9A3D353E-3477-4CCF-B69B-C42685CB95B4}.Release|x86.ActiveCfg = Release|Any CPU
		{9A3D353E-3477-4CCF-B69B-C42685CB95B4}.Release|x86.Build.0 = Release|Any CPU
		{F423641B-A4FD-4E98-8801-F68579617538}.Debug|Any CPU.ActiveCfg = Debug|Any CPU
		{F423641B-A4FD-4E98-8801-F68579617538}.Debug|Any CPU.Build.0 = Debug|Any CPU
		{F423641B-A4FD-4E98-8801-F68579617538}.Debug|ARM.ActiveCfg = Debug|Any CPU
		{F423641B-A4FD-4E98-8801-F68579617538}.Debug|ARM.Build.0 = Debug|Any CPU
		{F423641B-A4FD-4E98-8801-F68579617538}.Debug|x64.ActiveCfg = Debug|Any CPU
		{F423641B-A4FD-4E98-8801-F68579617538}.Debug|x64.Build.0 = Debug|Any CPU
		{F423641B-A4FD-4E98-8801-F68579617538}.Debug|x86.ActiveCfg = Debug|Any CPU
		{F423641B-A4FD-4E98-8801-F68579617538}.Debug|x86.Build.0 = Debug|Any CPU
		{F423641B-A4FD-4E98-8801-F68579617538}.Release|Any CPU.ActiveCfg = Release|Any CPU
		{F423641B-A4FD-4E98-8801-F68579617538}.Release|Any CPU.Build.0 = Release|Any CPU
		{F423641B-A4FD-4E98-8801-F68579617538}.Release|ARM.ActiveCfg = Release|Any CPU
		{F423641B-A4FD-4E98-8801-F68579617538}.Release|ARM.Build.0 = Release|Any CPU
		{F423641B-A4FD-4E98-8801-F68579617538}.Release|x64.ActiveCfg = Release|Any CPU
		{F423641B-A4FD-4E98-8801-F68579617538}.Release|x64.Build.0 = Release|Any CPU
		{F423641B-A4FD-4E98-8801-F68579617538}.Release|x86.ActiveCfg = Release|Any CPU
		{F423641B-A4FD-4E98-8801-F68579617538}.Release|x86.Build.0 = Release|Any CPU
		{984AC691-8172-4A28-B618-B123185D7A3D}.Debug|Any CPU.ActiveCfg = Debug|Any CPU
		{984AC691-8172-4A28-B618-B123185D7A3D}.Debug|Any CPU.Build.0 = Debug|Any CPU
		{984AC691-8172-4A28-B618-B123185D7A3D}.Debug|ARM.ActiveCfg = Debug|Any CPU
		{984AC691-8172-4A28-B618-B123185D7A3D}.Debug|ARM.Build.0 = Debug|Any CPU
		{984AC691-8172-4A28-B618-B123185D7A3D}.Debug|x64.ActiveCfg = Debug|Any CPU
		{984AC691-8172-4A28-B618-B123185D7A3D}.Debug|x64.Build.0 = Debug|Any CPU
		{984AC691-8172-4A28-B618-B123185D7A3D}.Debug|x86.ActiveCfg = Debug|Any CPU
		{984AC691-8172-4A28-B618-B123185D7A3D}.Debug|x86.Build.0 = Debug|Any CPU
		{984AC691-8172-4A28-B618-B123185D7A3D}.Release|Any CPU.ActiveCfg = Release|Any CPU
		{984AC691-8172-4A28-B618-B123185D7A3D}.Release|Any CPU.Build.0 = Release|Any CPU
		{984AC691-8172-4A28-B618-B123185D7A3D}.Release|ARM.ActiveCfg = Release|Any CPU
		{984AC691-8172-4A28-B618-B123185D7A3D}.Release|ARM.Build.0 = Release|Any CPU
		{984AC691-8172-4A28-B618-B123185D7A3D}.Release|x64.ActiveCfg = Release|Any CPU
		{984AC691-8172-4A28-B618-B123185D7A3D}.Release|x64.Build.0 = Release|Any CPU
		{984AC691-8172-4A28-B618-B123185D7A3D}.Release|x86.ActiveCfg = Release|Any CPU
		{984AC691-8172-4A28-B618-B123185D7A3D}.Release|x86.Build.0 = Release|Any CPU
	EndGlobalSection
	GlobalSection(SolutionProperties) = preSolution
		HideSolutionNode = FALSE
	EndGlobalSection
	GlobalSection(NestedProjects) = preSolution
		{FA1ABF3B-212B-41E0-970B-385E48811AA6} = {636B36B0-F2A3-46CB-BFFF-783F407F8741}
		{075E5C20-44B8-40E3-86CA-6EFEF9C40BAF} = {636B36B0-F2A3-46CB-BFFF-783F407F8741}
		{5AA87152-20D5-48F7-AD0F-6E6BAA61FC25} = {636B36B0-F2A3-46CB-BFFF-783F407F8741}
		{8BC521AD-81CF-4E6C-8898-BE67527E7064} = {636B36B0-F2A3-46CB-BFFF-783F407F8741}
		{698CCD8E-ADCC-4565-8517-5EDD36F07155} = {636B36B0-F2A3-46CB-BFFF-783F407F8741}
		{BB4FA452-A96A-4C47-AA65-7E88F6FAE873} = {636B36B0-F2A3-46CB-BFFF-783F407F8741}
		{6E3BDDD2-540E-4B95-96CB-A9BF119E1241} = {0E8A4D7F-1A6A-49D9-AEB2-B01FC2638FA4}
		{9A3D353E-3477-4CCF-B69B-C42685CB95B4} = {A016B04E-44EA-4ADD-8CEA-4BB9F6043BEF}
		{984AC691-8172-4A28-B618-B123185D7A3D} = {ECA80C86-E5E0-4062-A50C-22BFB8EC0E9A}
	EndGlobalSection
	GlobalSection(ExtensibilityGlobals) = postSolution
		SolutionGuid = {833128AC-2AF8-4F0F-8ACD-927381618276}
	EndGlobalSection
EndGlobal
