
Microsoft Visual Studio Solution File, Format Version 12.00
# Visual Studio 15
VisualStudioVersion = 15.0.27130.2027
MinimumVisualStudioVersion = 10.0.40219.1
Project("{FAE04EC0-301F-11D3-BF4B-00C04F79EFBC}") = "TestHarness", "Testharness\TestHarness.csproj", "{6F777AC2-67BF-41D3-8229-69DA848787FD}"
EndProject
Project("{8BC9CEB8-8B4A-11D0-8D11-00A0C91BC942}") = "Win64DLL", "Win64DLL\Win64DLL.vcxproj", "{E1B095CA-24C3-4690-9300-FA0153C5B71E}"
EndProject
Project("{888888A0-9F3D-457C-B088-3A5042F75D52}") = "PythonHarness", "PythonHarness\PythonHarness.pyproj", "{C37F48E9-FFEB-4809-B97B-90E3483E0421}"
EndProject
Project("{FAE04EC0-301F-11D3-BF4B-00C04F79EFBC}") = "CSharpDLL", "CSharpDLL\CSharpDLL.csproj", "{14EE2407-0730-44DF-971A-7B797EE59F05}"
EndProject
Project("{FAE04EC0-301F-11D3-BF4B-00C04F79EFBC}") = "Dependency", "Dependency\Dependency.csproj", "{63397839-86A0-4EF3-8326-78A72E15F5B9}"
EndProject
Project("{FAE04EC0-301F-11D3-BF4B-00C04F79EFBC}") = "EDDDLLInterfaces", "EDDDLLInterfaces\EDDDLLInterfaces.csproj", "{829041B1-D4A5-48D9-8260-B5EEFF28BCD8}"
EndProject
Global
	GlobalSection(SolutionConfigurationPlatforms) = preSolution
		Debug|Any CPU = Debug|Any CPU
		Debug|x64 = Debug|x64
		Debug|x86 = Debug|x86
		Release|Any CPU = Release|Any CPU
		Release|x64 = Release|x64
		Release|x86 = Release|x86
	EndGlobalSection
	GlobalSection(ProjectConfigurationPlatforms) = postSolution
		{6F777AC2-67BF-41D3-8229-69DA848787FD}.Debug|Any CPU.ActiveCfg = Debug|Any CPU
		{6F777AC2-67BF-41D3-8229-69DA848787FD}.Debug|Any CPU.Build.0 = Debug|Any CPU
		{6F777AC2-67BF-41D3-8229-69DA848787FD}.Debug|x64.ActiveCfg = Debug|Any CPU
		{6F777AC2-67BF-41D3-8229-69DA848787FD}.Debug|x64.Build.0 = Debug|Any CPU
		{6F777AC2-67BF-41D3-8229-69DA848787FD}.Debug|x86.ActiveCfg = Debug|Any CPU
		{6F777AC2-67BF-41D3-8229-69DA848787FD}.Debug|x86.Build.0 = Debug|Any CPU
		{6F777AC2-67BF-41D3-8229-69DA848787FD}.Release|Any CPU.ActiveCfg = Release|Any CPU
		{6F777AC2-67BF-41D3-8229-69DA848787FD}.Release|Any CPU.Build.0 = Release|Any CPU
		{6F777AC2-67BF-41D3-8229-69DA848787FD}.Release|x64.ActiveCfg = Release|Any CPU
		{6F777AC2-67BF-41D3-8229-69DA848787FD}.Release|x64.Build.0 = Release|Any CPU
		{6F777AC2-67BF-41D3-8229-69DA848787FD}.Release|x86.ActiveCfg = Release|Any CPU
		{6F777AC2-67BF-41D3-8229-69DA848787FD}.Release|x86.Build.0 = Release|Any CPU
		{E1B095CA-24C3-4690-9300-FA0153C5B71E}.Debug|Any CPU.ActiveCfg = Debug|Win32
		{E1B095CA-24C3-4690-9300-FA0153C5B71E}.Debug|x64.ActiveCfg = Debug|x64
		{E1B095CA-24C3-4690-9300-FA0153C5B71E}.Debug|x64.Build.0 = Debug|x64
		{E1B095CA-24C3-4690-9300-FA0153C5B71E}.Debug|x86.ActiveCfg = Debug|Win32
		{E1B095CA-24C3-4690-9300-FA0153C5B71E}.Debug|x86.Build.0 = Debug|Win32
		{E1B095CA-24C3-4690-9300-FA0153C5B71E}.Release|Any CPU.ActiveCfg = Release|Win32
		{E1B095CA-24C3-4690-9300-FA0153C5B71E}.Release|x64.ActiveCfg = Release|x64
		{E1B095CA-24C3-4690-9300-FA0153C5B71E}.Release|x64.Build.0 = Release|x64
		{E1B095CA-24C3-4690-9300-FA0153C5B71E}.Release|x86.ActiveCfg = Release|Win32
		{E1B095CA-24C3-4690-9300-FA0153C5B71E}.Release|x86.Build.0 = Release|Win32
		{C37F48E9-FFEB-4809-B97B-90E3483E0421}.Debug|Any CPU.ActiveCfg = Debug|Any CPU
		{C37F48E9-FFEB-4809-B97B-90E3483E0421}.Debug|x64.ActiveCfg = Debug|Any CPU
		{C37F48E9-FFEB-4809-B97B-90E3483E0421}.Debug|x86.ActiveCfg = Debug|Any CPU
		{C37F48E9-FFEB-4809-B97B-90E3483E0421}.Release|Any CPU.ActiveCfg = Release|Any CPU
		{C37F48E9-FFEB-4809-B97B-90E3483E0421}.Release|x64.ActiveCfg = Release|Any CPU
		{C37F48E9-FFEB-4809-B97B-90E3483E0421}.Release|x86.ActiveCfg = Release|Any CPU
		{14EE2407-0730-44DF-971A-7B797EE59F05}.Debug|Any CPU.ActiveCfg = Debug|Any CPU
		{14EE2407-0730-44DF-971A-7B797EE59F05}.Debug|Any CPU.Build.0 = Debug|Any CPU
		{14EE2407-0730-44DF-971A-7B797EE59F05}.Debug|x64.ActiveCfg = Debug|Any CPU
		{14EE2407-0730-44DF-971A-7B797EE59F05}.Debug|x64.Build.0 = Debug|Any CPU
		{14EE2407-0730-44DF-971A-7B797EE59F05}.Debug|x86.ActiveCfg = Debug|Any CPU
		{14EE2407-0730-44DF-971A-7B797EE59F05}.Debug|x86.Build.0 = Debug|Any CPU
		{14EE2407-0730-44DF-971A-7B797EE59F05}.Release|Any CPU.ActiveCfg = Release|Any CPU
		{14EE2407-0730-44DF-971A-7B797EE59F05}.Release|Any CPU.Build.0 = Release|Any CPU
		{14EE2407-0730-44DF-971A-7B797EE59F05}.Release|x64.ActiveCfg = Release|Any CPU
		{14EE2407-0730-44DF-971A-7B797EE59F05}.Release|x64.Build.0 = Release|Any CPU
		{14EE2407-0730-44DF-971A-7B797EE59F05}.Release|x86.ActiveCfg = Release|Any CPU
		{14EE2407-0730-44DF-971A-7B797EE59F05}.Release|x86.Build.0 = Release|Any CPU
		{63397839-86A0-4EF3-8326-78A72E15F5B9}.Debug|Any CPU.ActiveCfg = Debug|Any CPU
		{63397839-86A0-4EF3-8326-78A72E15F5B9}.Debug|Any CPU.Build.0 = Debug|Any CPU
		{63397839-86A0-4EF3-8326-78A72E15F5B9}.Debug|x64.ActiveCfg = Debug|Any CPU
		{63397839-86A0-4EF3-8326-78A72E15F5B9}.Debug|x64.Build.0 = Debug|Any CPU
		{63397839-86A0-4EF3-8326-78A72E15F5B9}.Debug|x86.ActiveCfg = Debug|Any CPU
		{63397839-86A0-4EF3-8326-78A72E15F5B9}.Debug|x86.Build.0 = Debug|Any CPU
		{63397839-86A0-4EF3-8326-78A72E15F5B9}.Release|Any CPU.ActiveCfg = Release|Any CPU
		{63397839-86A0-4EF3-8326-78A72E15F5B9}.Release|Any CPU.Build.0 = Release|Any CPU
		{63397839-86A0-4EF3-8326-78A72E15F5B9}.Release|x64.ActiveCfg = Release|Any CPU
		{63397839-86A0-4EF3-8326-78A72E15F5B9}.Release|x64.Build.0 = Release|Any CPU
		{63397839-86A0-4EF3-8326-78A72E15F5B9}.Release|x86.ActiveCfg = Release|Any CPU
		{63397839-86A0-4EF3-8326-78A72E15F5B9}.Release|x86.Build.0 = Release|Any CPU
		{829041B1-D4A5-48D9-8260-B5EEFF28BCD8}.Debug|Any CPU.ActiveCfg = Debug|Any CPU
		{829041B1-D4A5-48D9-8260-B5EEFF28BCD8}.Debug|Any CPU.Build.0 = Debug|Any CPU
		{829041B1-D4A5-48D9-8260-B5EEFF28BCD8}.Debug|x64.ActiveCfg = Debug|Any CPU
		{829041B1-D4A5-48D9-8260-B5EEFF28BCD8}.Debug|x64.Build.0 = Debug|Any CPU
		{829041B1-D4A5-48D9-8260-B5EEFF28BCD8}.Debug|x86.ActiveCfg = Debug|Any CPU
		{829041B1-D4A5-48D9-8260-B5EEFF28BCD8}.Debug|x86.Build.0 = Debug|Any CPU
		{829041B1-D4A5-48D9-8260-B5EEFF28BCD8}.Release|Any CPU.ActiveCfg = Release|Any CPU
		{829041B1-D4A5-48D9-8260-B5EEFF28BCD8}.Release|Any CPU.Build.0 = Release|Any CPU
		{829041B1-D4A5-48D9-8260-B5EEFF28BCD8}.Release|x64.ActiveCfg = Release|Any CPU
		{829041B1-D4A5-48D9-8260-B5EEFF28BCD8}.Release|x64.Build.0 = Release|Any CPU
		{829041B1-D4A5-48D9-8260-B5EEFF28BCD8}.Release|x86.ActiveCfg = Release|Any CPU
		{829041B1-D4A5-48D9-8260-B5EEFF28BCD8}.Release|x86.Build.0 = Release|Any CPU
	EndGlobalSection
	GlobalSection(SolutionProperties) = preSolution
		HideSolutionNode = FALSE
	EndGlobalSection
	GlobalSection(ExtensibilityGlobals) = postSolution
		SolutionGuid = {ACE97CCA-66B3-4BE4-93C9-EBAC4391D18F}
	EndGlobalSection
EndGlobal
